
Microsoft Visual Studio Solution File, Format Version 12.00
# Visual Studio 15
VisualStudioVersion = 15.0.27703.2018
MinimumVisualStudioVersion = 10.0.40219.1
Project("{FAE04EC0-301F-11D3-BF4B-00C04F79EFBC}") = "MySql.DataLayer", "MySql.DataLayer\MySql.DataLayer.csproj", "{C1CFA785-6FCF-44DC-9F0B-5A4BB47085BB}"
EndProject
Project("{FAE04EC0-301F-11D3-BF4B-00C04F79EFBC}") = "MySql.DataLayer.UnitTest", "MySql.DataLayer.UnitTest\MySql.DataLayer.UnitTest.csproj", "{200D6362-22B8-49AE-A407-73B26CFD6502}"
EndProject
Global
	GlobalSection(SolutionConfigurationPlatforms) = preSolution
		Debug|Any CPU = Debug|Any CPU
		Release|Any CPU = Release|Any CPU
	EndGlobalSection
	GlobalSection(ProjectConfigurationPlatforms) = postSolution
		{C1CFA785-6FCF-44DC-9F0B-5A4BB47085BB}.Debug|Any CPU.ActiveCfg = Debug|Any CPU
		{C1CFA785-6FCF-44DC-9F0B-5A4BB47085BB}.Debug|Any CPU.Build.0 = Debug|Any CPU
		{C1CFA785-6FCF-44DC-9F0B-5A4BB47085BB}.Release|Any CPU.ActiveCfg = Release|Any CPU
		{C1CFA785-6FCF-44DC-9F0B-5A4BB47085BB}.Release|Any CPU.Build.0 = Release|Any CPU
		{200D6362-22B8-49AE-A407-73B26CFD6502}.Debug|Any CPU.ActiveCfg = Debug|Any CPU
		{200D6362-22B8-49AE-A407-73B26CFD6502}.Debug|Any CPU.Build.0 = Debug|Any CPU
		{200D6362-22B8-49AE-A407-73B26CFD6502}.Release|Any CPU.ActiveCfg = Release|Any CPU
		{200D6362-22B8-49AE-A407-73B26CFD6502}.Release|Any CPU.Build.0 = Release|Any CPU
	EndGlobalSection
	GlobalSection(SolutionProperties) = preSolution
		HideSolutionNode = FALSE
	EndGlobalSection
	GlobalSection(ExtensibilityGlobals) = postSolution
		SolutionGuid = {BDE5D1DA-1EEB-4428-AC65-454CB2A1ED3B}
	EndGlobalSection
EndGlobal
